// !$*UTF8*$!
{
	archiveVersion = 1;
	classes = {
	};
	objectVersion = 51;
	objects = {

/* Begin PBXBuildFile section */
		057845B35649202005699DF6 /* Pods_Chat.framework in Frameworks */ = {isa = PBXBuildFile; fileRef = DBFE9240C32D8FCD51019154 /* Pods_Chat.framework */; };
		DD038AE9228774450060A5B5 /* ContactResultsTableController.swift in Sources */ = {isa = PBXBuildFile; fileRef = DD038AE8228774450060A5B5 /* ContactResultsTableController.swift */; };
		DD038AEB2287747C0060A5B5 /* ContactResultsViewModel.swift in Sources */ = {isa = PBXBuildFile; fileRef = DD038AEA2287747C0060A5B5 /* ContactResultsViewModel.swift */; };
		DD03B6A1223AA0E100476C0C /* AppDelegate.swift in Sources */ = {isa = PBXBuildFile; fileRef = DD03B6A0223AA0E100476C0C /* AppDelegate.swift */; };
		DD03B6AB223AA0E200476C0C /* LaunchScreen.storyboard in Resources */ = {isa = PBXBuildFile; fileRef = DD03B6A9223AA0E200476C0C /* LaunchScreen.storyboard */; };
		DD03B6B3223AAFE100476C0C /* GoogleService-Info.plist in Resources */ = {isa = PBXBuildFile; fileRef = DD03B6B2223AAFE100476C0C /* GoogleService-Info.plist */; };
		DD064E0B224FAEA100992AD4 /* R.generated.swift in Sources */ = {isa = PBXBuildFile; fileRef = DD064E0A224FAEA100992AD4 /* R.generated.swift */; };
		DD064E0D224FAF4600992AD4 /* MainTabBarCoordinator.swift in Sources */ = {isa = PBXBuildFile; fileRef = DD064E0C224FAF4600992AD4 /* MainTabBarCoordinator.swift */; };
		DD064E0F224FAFF500992AD4 /* MainTabBarController.swift in Sources */ = {isa = PBXBuildFile; fileRef = DD064E0E224FAFF500992AD4 /* MainTabBarController.swift */; };
		DD064E11224FB0B400992AD4 /* Main.storyboard in Resources */ = {isa = PBXBuildFile; fileRef = DD064E10224FB0B300992AD4 /* Main.storyboard */; };
		DD173B75227F7197004A56EF /* CountrySection.swift in Sources */ = {isa = PBXBuildFile; fileRef = DD173B74227F7197004A56EF /* CountrySection.swift */; };
		DD19A93C225540AE00CC14BB /* MessagesTableViewController.swift in Sources */ = {isa = PBXBuildFile; fileRef = DD19A93B225540AE00CC14BB /* MessagesTableViewController.swift */; };
		DD19A941225547DD00CC14BB /* SettingsViewController.swift in Sources */ = {isa = PBXBuildFile; fileRef = DD19A940225547DD00CC14BB /* SettingsViewController.swift */; };
		DD19A943225547F600CC14BB /* ContactsTableViewController.swift in Sources */ = {isa = PBXBuildFile; fileRef = DD19A942225547F600CC14BB /* ContactsTableViewController.swift */; };
		DD19A945225552BD00CC14BB /* ContactsViewModel.swift in Sources */ = {isa = PBXBuildFile; fileRef = DD19A944225552BD00CC14BB /* ContactsViewModel.swift */; };
		DD19A947225552CE00CC14BB /* SettingsViewModel.swift in Sources */ = {isa = PBXBuildFile; fileRef = DD19A946225552CE00CC14BB /* SettingsViewModel.swift */; };
		DD19A949225552E200CC14BB /* MessagesViewModel.swift in Sources */ = {isa = PBXBuildFile; fileRef = DD19A948225552E200CC14BB /* MessagesViewModel.swift */; };
		DD19A94B2255530E00CC14BB /* ContactsCoordinator.swift in Sources */ = {isa = PBXBuildFile; fileRef = DD19A94A2255530E00CC14BB /* ContactsCoordinator.swift */; };
		DD19A94D2255533400CC14BB /* MessagesCoordinator.swift in Sources */ = {isa = PBXBuildFile; fileRef = DD19A94C2255533400CC14BB /* MessagesCoordinator.swift */; };
		DD19A94F2255534A00CC14BB /* SettingsCoordinator.swift in Sources */ = {isa = PBXBuildFile; fileRef = DD19A94E2255534A00CC14BB /* SettingsCoordinator.swift */; };
		DD1EADAA228CB50B00B56438 /* ProfileHeaderView.swift in Sources */ = {isa = PBXBuildFile; fileRef = DD1EADA9228CB50B00B56438 /* ProfileHeaderView.swift */; };
		DD1EADAC228CB5AF00B56438 /* ProfileHeaderViewModel.swift in Sources */ = {isa = PBXBuildFile; fileRef = DD1EADAB228CB5AF00B56438 /* ProfileHeaderViewModel.swift */; };
		DD2BC0E62279F40D000F640A /* ChatTitleViewModel.swift in Sources */ = {isa = PBXBuildFile; fileRef = DD2BC0E52279F40D000F640A /* ChatTitleViewModel.swift */; };
		DD338F272265C6F700DDE6DE /* FIRDatabaseManager.swift in Sources */ = {isa = PBXBuildFile; fileRef = DD338F262265C6F700DDE6DE /* FIRDatabaseManager.swift */; };
		DD3ACAFA226C616C001E9E13 /* ChatTitleView.swift in Sources */ = {isa = PBXBuildFile; fileRef = DD3ACAF9226C616C001E9E13 /* ChatTitleView.swift */; };
		DD3AFBA0228B5DCB005EAE03 /* MainTabBarViewModel.swift in Sources */ = {isa = PBXBuildFile; fileRef = DD3AFB9F228B5DCB005EAE03 /* MainTabBarViewModel.swift */; };
		DD4AC1F3227CC6020084BBC9 /* CountriesViewModel.swift in Sources */ = {isa = PBXBuildFile; fileRef = DD4AC1F2227CC6020084BBC9 /* CountriesViewModel.swift */; };
		DD4AC1F5227CC6CF0084BBC9 /* CountriesCoordinator.swift in Sources */ = {isa = PBXBuildFile; fileRef = DD4AC1F4227CC6CF0084BBC9 /* CountriesCoordinator.swift */; };
		DD4AC1F7227CC6E10084BBC9 /* CountriesViewController.swift in Sources */ = {isa = PBXBuildFile; fileRef = DD4AC1F6227CC6E10084BBC9 /* CountriesViewController.swift */; };
		DD5D57CE2280473300A702B1 /* Assets.xcassets in Resources */ = {isa = PBXBuildFile; fileRef = DD03B6A7223AA0E200476C0C /* Assets.xcassets */; };
		DD5D57E922805FDC00A702B1 /* countries in Resources */ = {isa = PBXBuildFile; fileRef = DD5D57E822805FDC00A702B1 /* countries */; };
		DD6CCED8228DD8F400CBE88B /* AuthService.swift in Sources */ = {isa = PBXBuildFile; fileRef = DD6CCED7228DD8F400CBE88B /* AuthService.swift */; };
		DD6F5BCC226B289300FFCB71 /* Constants.swift in Sources */ = {isa = PBXBuildFile; fileRef = DD6F5BCB226B289300FFCB71 /* Constants.swift */; };
		DD76F59E225A197C007C9A30 /* PopUpView.swift in Sources */ = {isa = PBXBuildFile; fileRef = DD76F59D225A197B007C9A30 /* PopUpView.swift */; };
		DD76F5A0225A33DE007C9A30 /* SystemColor.swift in Sources */ = {isa = PBXBuildFile; fileRef = DD76F59F225A33DE007C9A30 /* SystemColor.swift */; };
		DD81D2C32269B25D004FCCEE /* ChatViewController.swift in Sources */ = {isa = PBXBuildFile; fileRef = DD81D2C22269B25D004FCCEE /* ChatViewController.swift */; };
		DD81D2C52269B267004FCCEE /* ChatViewModel.swift in Sources */ = {isa = PBXBuildFile; fileRef = DD81D2C42269B267004FCCEE /* ChatViewModel.swift */; };
		DD81D2C72269B272004FCCEE /* ChatCoordinator.swift in Sources */ = {isa = PBXBuildFile; fileRef = DD81D2C62269B272004FCCEE /* ChatCoordinator.swift */; };
		DD8D05F4227B6F3F0022AC30 /* PhoneInputViewModel.swift in Sources */ = {isa = PBXBuildFile; fileRef = DD8D05F3227B6F3F0022AC30 /* PhoneInputViewModel.swift */; };
		DD8D05F6227B6F8C0022AC30 /* PhoneVerificationViewModel.swift in Sources */ = {isa = PBXBuildFile; fileRef = DD8D05F5227B6F8C0022AC30 /* PhoneVerificationViewModel.swift */; };
		DD8D05F8227B6FAA0022AC30 /* PhoneVerificationViewController.swift in Sources */ = {isa = PBXBuildFile; fileRef = DD8D05F7227B6FAA0022AC30 /* PhoneVerificationViewController.swift */; };
		DD8D05FA227B6FBF0022AC30 /* PhoneVerificationCoordinator.swift in Sources */ = {isa = PBXBuildFile; fileRef = DD8D05F9227B6FBF0022AC30 /* PhoneVerificationCoordinator.swift */; };
		DD8D05FC227B6FE90022AC30 /* PhoneInputCoordinator.swift in Sources */ = {isa = PBXBuildFile; fileRef = DD8D05FB227B6FE90022AC30 /* PhoneInputCoordinator.swift */; };
		DD8D05FE227B70050022AC30 /* PhoneInputViewController.swift in Sources */ = {isa = PBXBuildFile; fileRef = DD8D05FD227B70050022AC30 /* PhoneInputViewController.swift */; };
		DD95151A223BBA3200ED4D0F /* Auth.storyboard in Resources */ = {isa = PBXBuildFile; fileRef = DD951519223BBA3200ED4D0F /* Auth.storyboard */; };
		DD9AC7F92273AE86001FF7D1 /* FIRAuth.swift in Sources */ = {isa = PBXBuildFile; fileRef = DD9AC7F82273AE86001FF7D1 /* FIRAuth.swift */; };
		DD9DBA0C2284CD9700DF2F05 /* Contact.swift in Sources */ = {isa = PBXBuildFile; fileRef = DD9DBA0B2284CD9700DF2F05 /* Contact.swift */; };
		DDB86135224B6120007082F6 /* Toast.swift in Sources */ = {isa = PBXBuildFile; fileRef = DDB86134224B6120007082F6 /* Toast.swift */; };
		DDBC02112240EAE20046C70E /* UserInfo.swift in Sources */ = {isa = PBXBuildFile; fileRef = DDBC02102240EAE20046C70E /* UserInfo.swift */; };
		DDBC02132240F0E00046C70E /* String+isValidEmail.swift in Sources */ = {isa = PBXBuildFile; fileRef = DDBC02122240F0E00046C70E /* String+isValidEmail.swift */; };
		DDBC0219224131C30046C70E /* ViewModelProtocol.swift in Sources */ = {isa = PBXBuildFile; fileRef = DDBC0218224131C30046C70E /* ViewModelProtocol.swift */; };
		DDBC021B2241320D0046C70E /* ControllerType.swift in Sources */ = {isa = PBXBuildFile; fileRef = DDBC021A2241320D0046C70E /* ControllerType.swift */; };
		DDC7DCF022477974007F905B /* HomeViewController.swift in Sources */ = {isa = PBXBuildFile; fileRef = DDC7DCEF22477974007F905B /* HomeViewController.swift */; };
		DDC7DCF322477B82007F905B /* HomeViewModel.swift in Sources */ = {isa = PBXBuildFile; fileRef = DDC7DCF222477B82007F905B /* HomeViewModel.swift */; };
		DDC7DCF522477B8D007F905B /* HomeCoordinator.swift in Sources */ = {isa = PBXBuildFile; fileRef = DDC7DCF422477B8D007F905B /* HomeCoordinator.swift */; };
		DDCA01D522400EEF00676A59 /* Coordinator.swift in Sources */ = {isa = PBXBuildFile; fileRef = DDCA01D422400EEF00676A59 /* Coordinator.swift */; };
		DDCA01D722400EFA00676A59 /* AppCoordinator.swift in Sources */ = {isa = PBXBuildFile; fileRef = DDCA01D622400EFA00676A59 /* AppCoordinator.swift */; };
		DDCB79F7223D7A6400F22817 /* UIButton+layer.swift in Sources */ = {isa = PBXBuildFile; fileRef = DDCB79F6223D7A6400F22817 /* UIButton+layer.swift */; };
		DDCCC2AF2277C56E00EC44EF /* Kingfisher+rx.swift in Sources */ = {isa = PBXBuildFile; fileRef = DDCCC2AE2277C56E00EC44EF /* Kingfisher+rx.swift */; };
		DDE6B4782275B7BA0024D993 /* Chat.swift in Sources */ = {isa = PBXBuildFile; fileRef = DDE6B4772275B7BA0024D993 /* Chat.swift */; };
		DDE6B47A2275ECAC0024D993 /* ChatCell.swift in Sources */ = {isa = PBXBuildFile; fileRef = DDE6B4792275ECAC0024D993 /* ChatCell.swift */; };
		DDE6B47C227625B50024D993 /* ChatCellViewModel.swift in Sources */ = {isa = PBXBuildFile; fileRef = DDE6B47B227625B50024D993 /* ChatCellViewModel.swift */; };
		DDE7E3C322745C8200F6FCE7 /* StartViewController.swift in Sources */ = {isa = PBXBuildFile; fileRef = DDE7E3C222745C8200F6FCE7 /* StartViewController.swift */; };
		DDE7E3C522745C8D00F6FCE7 /* StartViewModel.swift in Sources */ = {isa = PBXBuildFile; fileRef = DDE7E3C422745C8D00F6FCE7 /* StartViewModel.swift */; };
		DDE7E3C722745C9700F6FCE7 /* StartCoordinator.swift in Sources */ = {isa = PBXBuildFile; fileRef = DDE7E3C622745C9700F6FCE7 /* StartCoordinator.swift */; };
		DDF7CD09227D615200D721AE /* CountryCell.swift in Sources */ = {isa = PBXBuildFile; fileRef = DDF7CD08227D615200D721AE /* CountryCell.swift */; };
		DDF7CD0B227D624300D721AE /* CountryCellViewModel.swift in Sources */ = {isa = PBXBuildFile; fileRef = DDF7CD0A227D624300D721AE /* CountryCellViewModel.swift */; };
		DDF7CD0D227D628E00D721AE /* Country.swift in Sources */ = {isa = PBXBuildFile; fileRef = DDF7CD0C227D628E00D721AE /* Country.swift */; };
		DDFA6A9822881C5500735795 /* ContactCell.swift in Sources */ = {isa = PBXBuildFile; fileRef = DDFA6A9722881C5500735795 /* ContactCell.swift */; };
		DDFA6A9A22881C6700735795 /* ContactCellViewModel.swift in Sources */ = {isa = PBXBuildFile; fileRef = DDFA6A9922881C6700735795 /* ContactCellViewModel.swift */; };
		DDFF9CA6226A55B100CB54E6 /* Message.swift in Sources */ = {isa = PBXBuildFile; fileRef = DDFF9CA5226A55B100CB54E6 /* Message.swift */; };
/* End PBXBuildFile section */

/* Begin PBXFileReference section */
		D8BFD867A406A73780045E52 /* Pods-Chat.debug.xcconfig */ = {isa = PBXFileReference; includeInIndex = 1; lastKnownFileType = text.xcconfig; name = "Pods-Chat.debug.xcconfig"; path = "Pods/Target Support Files/Pods-Chat/Pods-Chat.debug.xcconfig"; sourceTree = "<group>"; };
		DBFE9240C32D8FCD51019154 /* Pods_Chat.framework */ = {isa = PBXFileReference; explicitFileType = wrapper.framework; includeInIndex = 0; path = Pods_Chat.framework; sourceTree = BUILT_PRODUCTS_DIR; };
		DD038AE8228774450060A5B5 /* ContactResultsTableController.swift */ = {isa = PBXFileReference; lastKnownFileType = sourcecode.swift; path = ContactResultsTableController.swift; sourceTree = "<group>"; };
		DD038AEA2287747C0060A5B5 /* ContactResultsViewModel.swift */ = {isa = PBXFileReference; lastKnownFileType = sourcecode.swift; path = ContactResultsViewModel.swift; sourceTree = "<group>"; };
		DD03B69D223AA0E100476C0C /* Chat.app */ = {isa = PBXFileReference; explicitFileType = wrapper.application; includeInIndex = 0; path = Chat.app; sourceTree = BUILT_PRODUCTS_DIR; };
		DD03B6A0223AA0E100476C0C /* AppDelegate.swift */ = {isa = PBXFileReference; lastKnownFileType = sourcecode.swift; path = AppDelegate.swift; sourceTree = "<group>"; };
		DD03B6A7223AA0E200476C0C /* Assets.xcassets */ = {isa = PBXFileReference; lastKnownFileType = folder.assetcatalog; path = Assets.xcassets; sourceTree = "<group>"; };
		DD03B6AA223AA0E200476C0C /* Base */ = {isa = PBXFileReference; lastKnownFileType = file.storyboard; name = Base; path = Base.lproj/LaunchScreen.storyboard; sourceTree = "<group>"; };
		DD03B6AC223AA0E200476C0C /* Info.plist */ = {isa = PBXFileReference; lastKnownFileType = text.plist.xml; path = Info.plist; sourceTree = "<group>"; };
		DD03B6B2223AAFE100476C0C /* GoogleService-Info.plist */ = {isa = PBXFileReference; fileEncoding = 4; lastKnownFileType = text.plist.xml; path = "GoogleService-Info.plist"; sourceTree = "<group>"; };
		DD064E0A224FAEA100992AD4 /* R.generated.swift */ = {isa = PBXFileReference; fileEncoding = 4; lastKnownFileType = sourcecode.swift; path = R.generated.swift; sourceTree = SOURCE_ROOT; };
		DD064E0C224FAF4600992AD4 /* MainTabBarCoordinator.swift */ = {isa = PBXFileReference; lastKnownFileType = sourcecode.swift; path = MainTabBarCoordinator.swift; sourceTree = "<group>"; };
		DD064E0E224FAFF500992AD4 /* MainTabBarController.swift */ = {isa = PBXFileReference; lastKnownFileType = sourcecode.swift; path = MainTabBarController.swift; sourceTree = "<group>"; };
		DD064E10224FB0B300992AD4 /* Main.storyboard */ = {isa = PBXFileReference; lastKnownFileType = file.storyboard; path = Main.storyboard; sourceTree = "<group>"; };
		DD173B74227F7197004A56EF /* CountrySection.swift */ = {isa = PBXFileReference; lastKnownFileType = sourcecode.swift; path = CountrySection.swift; sourceTree = "<group>"; };
		DD19A93B225540AE00CC14BB /* MessagesTableViewController.swift */ = {isa = PBXFileReference; lastKnownFileType = sourcecode.swift; path = MessagesTableViewController.swift; sourceTree = "<group>"; };
		DD19A940225547DD00CC14BB /* SettingsViewController.swift */ = {isa = PBXFileReference; lastKnownFileType = sourcecode.swift; path = SettingsViewController.swift; sourceTree = "<group>"; };
		DD19A942225547F600CC14BB /* ContactsTableViewController.swift */ = {isa = PBXFileReference; lastKnownFileType = sourcecode.swift; path = ContactsTableViewController.swift; sourceTree = "<group>"; };
		DD19A944225552BD00CC14BB /* ContactsViewModel.swift */ = {isa = PBXFileReference; lastKnownFileType = sourcecode.swift; path = ContactsViewModel.swift; sourceTree = "<group>"; };
		DD19A946225552CE00CC14BB /* SettingsViewModel.swift */ = {isa = PBXFileReference; lastKnownFileType = sourcecode.swift; path = SettingsViewModel.swift; sourceTree = "<group>"; };
		DD19A948225552E200CC14BB /* MessagesViewModel.swift */ = {isa = PBXFileReference; lastKnownFileType = sourcecode.swift; path = MessagesViewModel.swift; sourceTree = "<group>"; };
		DD19A94A2255530E00CC14BB /* ContactsCoordinator.swift */ = {isa = PBXFileReference; lastKnownFileType = sourcecode.swift; path = ContactsCoordinator.swift; sourceTree = "<group>"; };
		DD19A94C2255533400CC14BB /* MessagesCoordinator.swift */ = {isa = PBXFileReference; lastKnownFileType = sourcecode.swift; path = MessagesCoordinator.swift; sourceTree = "<group>"; };
		DD19A94E2255534A00CC14BB /* SettingsCoordinator.swift */ = {isa = PBXFileReference; lastKnownFileType = sourcecode.swift; path = SettingsCoordinator.swift; sourceTree = "<group>"; };
		DD1EADA9228CB50B00B56438 /* ProfileHeaderView.swift */ = {isa = PBXFileReference; lastKnownFileType = sourcecode.swift; path = ProfileHeaderView.swift; sourceTree = "<group>"; };
		DD1EADAB228CB5AF00B56438 /* ProfileHeaderViewModel.swift */ = {isa = PBXFileReference; lastKnownFileType = sourcecode.swift; path = ProfileHeaderViewModel.swift; sourceTree = "<group>"; };
		DD2BC0E52279F40D000F640A /* ChatTitleViewModel.swift */ = {isa = PBXFileReference; lastKnownFileType = sourcecode.swift; path = ChatTitleViewModel.swift; sourceTree = "<group>"; };
		DD338F262265C6F700DDE6DE /* FIRDatabaseManager.swift */ = {isa = PBXFileReference; lastKnownFileType = sourcecode.swift; path = FIRDatabaseManager.swift; sourceTree = "<group>"; };
		DD38E3E322839A740066BD73 /* Chat.entitlements */ = {isa = PBXFileReference; lastKnownFileType = text.plist.entitlements; path = Chat.entitlements; sourceTree = "<group>"; };
		DD3ACAF9226C616C001E9E13 /* ChatTitleView.swift */ = {isa = PBXFileReference; lastKnownFileType = sourcecode.swift; path = ChatTitleView.swift; sourceTree = "<group>"; };
		DD3ACAFB226CD796001E9E13 /* MyPlayground.playground */ = {isa = PBXFileReference; lastKnownFileType = file.playground; path = MyPlayground.playground; sourceTree = "<group>"; xcLanguageSpecificationIdentifier = xcode.lang.swift; };
		DD3AFB9F228B5DCB005EAE03 /* MainTabBarViewModel.swift */ = {isa = PBXFileReference; lastKnownFileType = sourcecode.swift; path = MainTabBarViewModel.swift; sourceTree = "<group>"; };
		DD4AC1F2227CC6020084BBC9 /* CountriesViewModel.swift */ = {isa = PBXFileReference; lastKnownFileType = sourcecode.swift; path = CountriesViewModel.swift; sourceTree = "<group>"; };
		DD4AC1F4227CC6CF0084BBC9 /* CountriesCoordinator.swift */ = {isa = PBXFileReference; lastKnownFileType = sourcecode.swift; path = CountriesCoordinator.swift; sourceTree = "<group>"; };
		DD4AC1F6227CC6E10084BBC9 /* CountriesViewController.swift */ = {isa = PBXFileReference; lastKnownFileType = sourcecode.swift; path = CountriesViewController.swift; sourceTree = "<group>"; };
		DD5D57E822805FDC00A702B1 /* countries */ = {isa = PBXFileReference; lastKnownFileType = folder; path = countries; sourceTree = "<group>"; };
		DD6CCED7228DD8F400CBE88B /* AuthService.swift */ = {isa = PBXFileReference; lastKnownFileType = sourcecode.swift; path = AuthService.swift; sourceTree = "<group>"; };
		DD6F5BCB226B289300FFCB71 /* Constants.swift */ = {isa = PBXFileReference; lastKnownFileType = sourcecode.swift; path = Constants.swift; sourceTree = "<group>"; };
		DD76F59D225A197B007C9A30 /* PopUpView.swift */ = {isa = PBXFileReference; lastKnownFileType = sourcecode.swift; path = PopUpView.swift; sourceTree = "<group>"; };
		DD76F59F225A33DE007C9A30 /* SystemColor.swift */ = {isa = PBXFileReference; lastKnownFileType = sourcecode.swift; path = SystemColor.swift; sourceTree = "<group>"; };
		DD81D2C22269B25D004FCCEE /* ChatViewController.swift */ = {isa = PBXFileReference; lastKnownFileType = sourcecode.swift; path = ChatViewController.swift; sourceTree = "<group>"; };
		DD81D2C42269B267004FCCEE /* ChatViewModel.swift */ = {isa = PBXFileReference; lastKnownFileType = sourcecode.swift; path = ChatViewModel.swift; sourceTree = "<group>"; };
		DD81D2C62269B272004FCCEE /* ChatCoordinator.swift */ = {isa = PBXFileReference; lastKnownFileType = sourcecode.swift; path = ChatCoordinator.swift; sourceTree = "<group>"; };
		DD8D05F3227B6F3F0022AC30 /* PhoneInputViewModel.swift */ = {isa = PBXFileReference; lastKnownFileType = sourcecode.swift; path = PhoneInputViewModel.swift; sourceTree = "<group>"; };
		DD8D05F5227B6F8C0022AC30 /* PhoneVerificationViewModel.swift */ = {isa = PBXFileReference; lastKnownFileType = sourcecode.swift; path = PhoneVerificationViewModel.swift; sourceTree = "<group>"; };
		DD8D05F7227B6FAA0022AC30 /* PhoneVerificationViewController.swift */ = {isa = PBXFileReference; lastKnownFileType = sourcecode.swift; path = PhoneVerificationViewController.swift; sourceTree = "<group>"; };
		DD8D05F9227B6FBF0022AC30 /* PhoneVerificationCoordinator.swift */ = {isa = PBXFileReference; lastKnownFileType = sourcecode.swift; path = PhoneVerificationCoordinator.swift; sourceTree = "<group>"; };
		DD8D05FB227B6FE90022AC30 /* PhoneInputCoordinator.swift */ = {isa = PBXFileReference; lastKnownFileType = sourcecode.swift; path = PhoneInputCoordinator.swift; sourceTree = "<group>"; };
		DD8D05FD227B70050022AC30 /* PhoneInputViewController.swift */ = {isa = PBXFileReference; lastKnownFileType = sourcecode.swift; path = PhoneInputViewController.swift; sourceTree = "<group>"; };
		DD951519223BBA3200ED4D0F /* Auth.storyboard */ = {isa = PBXFileReference; lastKnownFileType = file.storyboard; path = Auth.storyboard; sourceTree = "<group>"; };
		DD9AC7F82273AE86001FF7D1 /* FIRAuth.swift */ = {isa = PBXFileReference; lastKnownFileType = sourcecode.swift; path = FIRAuth.swift; sourceTree = "<group>"; };
		DD9DBA0B2284CD9700DF2F05 /* Contact.swift */ = {isa = PBXFileReference; lastKnownFileType = sourcecode.swift; path = Contact.swift; sourceTree = "<group>"; };
		DDB86134224B6120007082F6 /* Toast.swift */ = {isa = PBXFileReference; lastKnownFileType = sourcecode.swift; path = Toast.swift; sourceTree = "<group>"; };
		DDBC02102240EAE20046C70E /* UserInfo.swift */ = {isa = PBXFileReference; lastKnownFileType = sourcecode.swift; path = UserInfo.swift; sourceTree = "<group>"; };
		DDBC02122240F0E00046C70E /* String+isValidEmail.swift */ = {isa = PBXFileReference; lastKnownFileType = sourcecode.swift; path = "String+isValidEmail.swift"; sourceTree = "<group>"; };
		DDBC0218224131C30046C70E /* ViewModelProtocol.swift */ = {isa = PBXFileReference; lastKnownFileType = sourcecode.swift; path = ViewModelProtocol.swift; sourceTree = "<group>"; };
		DDBC021A2241320D0046C70E /* ControllerType.swift */ = {isa = PBXFileReference; lastKnownFileType = sourcecode.swift; path = ControllerType.swift; sourceTree = "<group>"; };
		DDC7DCEF22477974007F905B /* HomeViewController.swift */ = {isa = PBXFileReference; lastKnownFileType = sourcecode.swift; path = HomeViewController.swift; sourceTree = "<group>"; };
		DDC7DCF222477B82007F905B /* HomeViewModel.swift */ = {isa = PBXFileReference; lastKnownFileType = sourcecode.swift; path = HomeViewModel.swift; sourceTree = "<group>"; };
		DDC7DCF422477B8D007F905B /* HomeCoordinator.swift */ = {isa = PBXFileReference; lastKnownFileType = sourcecode.swift; path = HomeCoordinator.swift; sourceTree = "<group>"; };
		DDCA01D422400EEF00676A59 /* Coordinator.swift */ = {isa = PBXFileReference; lastKnownFileType = sourcecode.swift; path = Coordinator.swift; sourceTree = "<group>"; };
		DDCA01D622400EFA00676A59 /* AppCoordinator.swift */ = {isa = PBXFileReference; lastKnownFileType = sourcecode.swift; path = AppCoordinator.swift; sourceTree = "<group>"; };
		DDCB79F6223D7A6400F22817 /* UIButton+layer.swift */ = {isa = PBXFileReference; lastKnownFileType = sourcecode.swift; path = "UIButton+layer.swift"; sourceTree = "<group>"; };
		DDCCC2AE2277C56E00EC44EF /* Kingfisher+rx.swift */ = {isa = PBXFileReference; lastKnownFileType = sourcecode.swift; path = "Kingfisher+rx.swift"; sourceTree = "<group>"; };
		DDE6B4772275B7BA0024D993 /* Chat.swift */ = {isa = PBXFileReference; lastKnownFileType = sourcecode.swift; path = Chat.swift; sourceTree = "<group>"; };
		DDE6B4792275ECAC0024D993 /* ChatCell.swift */ = {isa = PBXFileReference; lastKnownFileType = sourcecode.swift; name = ChatCell.swift; path = ../../Views/ChatCell.swift; sourceTree = "<group>"; };
		DDE6B47B227625B50024D993 /* ChatCellViewModel.swift */ = {isa = PBXFileReference; lastKnownFileType = sourcecode.swift; path = ChatCellViewModel.swift; sourceTree = "<group>"; };
		DDE7E3C222745C8200F6FCE7 /* StartViewController.swift */ = {isa = PBXFileReference; lastKnownFileType = sourcecode.swift; path = StartViewController.swift; sourceTree = "<group>"; };
		DDE7E3C422745C8D00F6FCE7 /* StartViewModel.swift */ = {isa = PBXFileReference; lastKnownFileType = sourcecode.swift; path = StartViewModel.swift; sourceTree = "<group>"; };
		DDE7E3C622745C9700F6FCE7 /* StartCoordinator.swift */ = {isa = PBXFileReference; lastKnownFileType = sourcecode.swift; path = StartCoordinator.swift; sourceTree = "<group>"; };
		DDF7CD08227D615200D721AE /* CountryCell.swift */ = {isa = PBXFileReference; lastKnownFileType = sourcecode.swift; path = CountryCell.swift; sourceTree = "<group>"; };
		DDF7CD0A227D624300D721AE /* CountryCellViewModel.swift */ = {isa = PBXFileReference; lastKnownFileType = sourcecode.swift; path = CountryCellViewModel.swift; sourceTree = "<group>"; };
		DDF7CD0C227D628E00D721AE /* Country.swift */ = {isa = PBXFileReference; lastKnownFileType = sourcecode.swift; path = Country.swift; sourceTree = "<group>"; };
		DDFA6A9722881C5500735795 /* ContactCell.swift */ = {isa = PBXFileReference; lastKnownFileType = sourcecode.swift; path = ContactCell.swift; sourceTree = "<group>"; };
		DDFA6A9922881C6700735795 /* ContactCellViewModel.swift */ = {isa = PBXFileReference; lastKnownFileType = sourcecode.swift; path = ContactCellViewModel.swift; sourceTree = "<group>"; };
		DDFF9CA5226A55B100CB54E6 /* Message.swift */ = {isa = PBXFileReference; lastKnownFileType = sourcecode.swift; path = Message.swift; sourceTree = "<group>"; };
		E88350B0D5E1586307BC5C40 /* Pods-Chat.release.xcconfig */ = {isa = PBXFileReference; includeInIndex = 1; lastKnownFileType = text.xcconfig; name = "Pods-Chat.release.xcconfig"; path = "Pods/Target Support Files/Pods-Chat/Pods-Chat.release.xcconfig"; sourceTree = "<group>"; };
/* End PBXFileReference section */

/* Begin PBXFrameworksBuildPhase section */
		DD03B69A223AA0E100476C0C /* Frameworks */ = {
			isa = PBXFrameworksBuildPhase;
			buildActionMask = 2147483647;
			files = (
				057845B35649202005699DF6 /* Pods_Chat.framework in Frameworks */,
			);
			runOnlyForDeploymentPostprocessing = 0;
		};
/* End PBXFrameworksBuildPhase section */

/* Begin PBXGroup section */
		20451CE511F56170FB45CD92 /* Frameworks */ = {
			isa = PBXGroup;
			children = (
				DBFE9240C32D8FCD51019154 /* Pods_Chat.framework */,
			);
			name = Frameworks;
			sourceTree = "<group>";
		};
		C5F52190889EA69305DC195F /* Pods */ = {
			isa = PBXGroup;
			children = (
				D8BFD867A406A73780045E52 /* Pods-Chat.debug.xcconfig */,
				E88350B0D5E1586307BC5C40 /* Pods-Chat.release.xcconfig */,
			);
			name = Pods;
			sourceTree = "<group>";
		};
		DD038AE7228773F70060A5B5 /* ResultsController */ = {
			isa = PBXGroup;
			children = (
				DD038AEA2287747C0060A5B5 /* ContactResultsViewModel.swift */,
				DD038AE8228774450060A5B5 /* ContactResultsTableController.swift */,
			);
			path = ResultsController;
			sourceTree = "<group>";
		};
		DD03B694223AA0E100476C0C = {
			isa = PBXGroup;
			children = (
				DD03B69F223AA0E100476C0C /* Chat */,
				DD03B69E223AA0E100476C0C /* Products */,
				C5F52190889EA69305DC195F /* Pods */,
				20451CE511F56170FB45CD92 /* Frameworks */,
			);
			sourceTree = "<group>";
		};
		DD03B69E223AA0E100476C0C /* Products */ = {
			isa = PBXGroup;
			children = (
				DD03B69D223AA0E100476C0C /* Chat.app */,
			);
			name = Products;
			sourceTree = "<group>";
		};
		DD03B69F223AA0E100476C0C /* Chat */ = {
			isa = PBXGroup;
			children = (
				DD38E3E322839A740066BD73 /* Chat.entitlements */,
				DD3ACAFB226CD796001E9E13 /* MyPlayground.playground */,
				DD03B6AC223AA0E200476C0C /* Info.plist */,
				DD03B6B2223AAFE100476C0C /* GoogleService-Info.plist */,
				DDC7DCF82247C4F9007F905B /* Application */,
				DD03B6BA223AB1CA00476C0C /* Resources */,
				DDCB79F5223D7A4E00F22817 /* Extensions */,
				DD03B6BB223AB1D900476C0C /* Storyboards */,
				DDBC021422411F310046C70E /* Views */,
				DD03B6B8223AB1B800476C0C /* Models */,
				DDBC021E22413CF30046C70E /* Flow */,
				DD03B6B9223AB1C000476C0C /* Networking */,
				DD6CCED6228DD8D600CBE88B /* Services */,
				DDBC0217224131AE0046C70E /* Helpers */,
			);
			path = Chat;
			sourceTree = "<group>";
		};
		DD03B6B8223AB1B800476C0C /* Models */ = {
			isa = PBXGroup;
			children = (
				DDBC02102240EAE20046C70E /* UserInfo.swift */,
				DDFF9CA5226A55B100CB54E6 /* Message.swift */,
				DDE6B4772275B7BA0024D993 /* Chat.swift */,
				DDF7CD0C227D628E00D721AE /* Country.swift */,
				DD9DBA0B2284CD9700DF2F05 /* Contact.swift */,
			);
			path = Models;
			sourceTree = "<group>";
		};
		DD03B6B9223AB1C000476C0C /* Networking */ = {
			isa = PBXGroup;
			children = (
				DD338F262265C6F700DDE6DE /* FIRDatabaseManager.swift */,
				DD9AC7F82273AE86001FF7D1 /* FIRAuth.swift */,
			);
			path = Networking;
			sourceTree = "<group>";
		};
		DD03B6BA223AB1CA00476C0C /* Resources */ = {
			isa = PBXGroup;
			children = (
				DD5D57E822805FDC00A702B1 /* countries */,
				DD064E0A224FAEA100992AD4 /* R.generated.swift */,
				DD03B6A7223AA0E200476C0C /* Assets.xcassets */,
			);
			path = Resources;
			sourceTree = "<group>";
		};
		DD03B6BB223AB1D900476C0C /* Storyboards */ = {
			isa = PBXGroup;
			children = (
				DD951519223BBA3200ED4D0F /* Auth.storyboard */,
				DD064E10224FB0B300992AD4 /* Main.storyboard */,
				DD03B6A9223AA0E200476C0C /* LaunchScreen.storyboard */,
			);
			path = Storyboards;
			sourceTree = "<group>";
		};
		DD19A93D225540B200CC14BB /* Messages */ = {
			isa = PBXGroup;
			children = (
				DDE6B4792275ECAC0024D993 /* ChatCell.swift */,
				DDE6B47B227625B50024D993 /* ChatCellViewModel.swift */,
				DD19A948225552E200CC14BB /* MessagesViewModel.swift */,
				DD19A93B225540AE00CC14BB /* MessagesTableViewController.swift */,
				DD19A94C2255533400CC14BB /* MessagesCoordinator.swift */,
			);
			path = Messages;
			sourceTree = "<group>";
		};
		DD19A93E225540BB00CC14BB /* Settings */ = {
			isa = PBXGroup;
			children = (
				DD19A946225552CE00CC14BB /* SettingsViewModel.swift */,
				DD19A940225547DD00CC14BB /* SettingsViewController.swift */,
				DD19A94E2255534A00CC14BB /* SettingsCoordinator.swift */,
				DD1EADA9228CB50B00B56438 /* ProfileHeaderView.swift */,
				DD1EADAB228CB5AF00B56438 /* ProfileHeaderViewModel.swift */,
			);
			path = Settings;
			sourceTree = "<group>";
		};
		DD19A93F225540C200CC14BB /* Contacts */ = {
			isa = PBXGroup;
			children = (
				DD038AE7228773F70060A5B5 /* ResultsController */,
				DD19A944225552BD00CC14BB /* ContactsViewModel.swift */,
				DD19A942225547F600CC14BB /* ContactsTableViewController.swift */,
				DD19A94A2255530E00CC14BB /* ContactsCoordinator.swift */,
				DDFA6A9722881C5500735795 /* ContactCell.swift */,
				DDFA6A9922881C6700735795 /* ContactCellViewModel.swift */,
			);
			path = Contacts;
			sourceTree = "<group>";
		};
		DD4AC1F1227CC5D60084BBC9 /* Countries */ = {
			isa = PBXGroup;
			children = (
				DD173B74227F7197004A56EF /* CountrySection.swift */,
				DDF7CD08227D615200D721AE /* CountryCell.swift */,
				DDF7CD0A227D624300D721AE /* CountryCellViewModel.swift */,
				DD4AC1F2227CC6020084BBC9 /* CountriesViewModel.swift */,
				DD4AC1F6227CC6E10084BBC9 /* CountriesViewController.swift */,
				DD4AC1F4227CC6CF0084BBC9 /* CountriesCoordinator.swift */,
			);
			path = Countries;
			sourceTree = "<group>";
		};
		DD6CCED6228DD8D600CBE88B /* Services */ = {
			isa = PBXGroup;
			children = (
				DD6CCED7228DD8F400CBE88B /* AuthService.swift */,
			);
			path = Services;
			sourceTree = "<group>";
		};
		DD81D2C12269B22B004FCCEE /* Chat */ = {
			isa = PBXGroup;
			children = (
				DD3ACAF9226C616C001E9E13 /* ChatTitleView.swift */,
				DD2BC0E52279F40D000F640A /* ChatTitleViewModel.swift */,
				DD81D2C42269B267004FCCEE /* ChatViewModel.swift */,
				DD81D2C22269B25D004FCCEE /* ChatViewController.swift */,
				DD81D2C62269B272004FCCEE /* ChatCoordinator.swift */,
			);
			path = Chat;
			sourceTree = "<group>";
		};
		DD8D05F1227B6E780022AC30 /* PhoneInput */ = {
			isa = PBXGroup;
			children = (
				DD8D05F3227B6F3F0022AC30 /* PhoneInputViewModel.swift */,
				DD8D05FD227B70050022AC30 /* PhoneInputViewController.swift */,
				DD8D05FB227B6FE90022AC30 /* PhoneInputCoordinator.swift */,
			);
			path = PhoneInput;
			sourceTree = "<group>";
		};
		DD8D05F2227B6F180022AC30 /* PhoneVerification */ = {
			isa = PBXGroup;
			children = (
				DD8D05F5227B6F8C0022AC30 /* PhoneVerificationViewModel.swift */,
				DD8D05F7227B6FAA0022AC30 /* PhoneVerificationViewController.swift */,
				DD8D05F9227B6FBF0022AC30 /* PhoneVerificationCoordinator.swift */,
			);
			path = PhoneVerification;
			sourceTree = "<group>";
		};
		DDBC021422411F310046C70E /* Views */ = {
			isa = PBXGroup;
			children = (
				DDB86134224B6120007082F6 /* Toast.swift */,
				DD76F59D225A197B007C9A30 /* PopUpView.swift */,
			);
			path = Views;
			sourceTree = "<group>";
		};
		DDBC0217224131AE0046C70E /* Helpers */ = {
			isa = PBXGroup;
			children = (
				DDBC0218224131C30046C70E /* ViewModelProtocol.swift */,
				DD6F5BCB226B289300FFCB71 /* Constants.swift */,
				DD76F59F225A33DE007C9A30 /* SystemColor.swift */,
				DDBC021A2241320D0046C70E /* ControllerType.swift */,
				DDCA01D422400EEF00676A59 /* Coordinator.swift */,
			);
			path = Helpers;
			sourceTree = "<group>";
		};
		DDBC021E22413CF30046C70E /* Flow */ = {
			isa = PBXGroup;
			children = (
				DDBC021F22413CFF0046C70E /* Auth */,
				DDC7DCFA2247C56B007F905B /* Main */,
			);
			path = Flow;
			sourceTree = "<group>";
		};
		DDBC021F22413CFF0046C70E /* Auth */ = {
			isa = PBXGroup;
			children = (
				DDE7E3C122745C7400F6FCE7 /* Start */,
				DDC7DCF122477B70007F905B /* Home */,
				DD8D05F1227B6E780022AC30 /* PhoneInput */,
				DD4AC1F1227CC5D60084BBC9 /* Countries */,
				DD8D05F2227B6F180022AC30 /* PhoneVerification */,
			);
			name = Auth;
			sourceTree = "<group>";
		};
		DDC7DCF122477B70007F905B /* Home */ = {
			isa = PBXGroup;
			children = (
				DDC7DCF222477B82007F905B /* HomeViewModel.swift */,
				DDC7DCEF22477974007F905B /* HomeViewController.swift */,
				DDC7DCF422477B8D007F905B /* HomeCoordinator.swift */,
			);
			path = Home;
			sourceTree = "<group>";
		};
		DDC7DCF82247C4F9007F905B /* Application */ = {
			isa = PBXGroup;
			children = (
				DD03B6A0223AA0E100476C0C /* AppDelegate.swift */,
				DDCA01D622400EFA00676A59 /* AppCoordinator.swift */,
			);
			path = Application;
			sourceTree = "<group>";
		};
		DDC7DCFA2247C56B007F905B /* Main */ = {
			isa = PBXGroup;
			children = (
				DD064E0C224FAF4600992AD4 /* MainTabBarCoordinator.swift */,
				DD064E0E224FAFF500992AD4 /* MainTabBarController.swift */,
				DD3AFB9F228B5DCB005EAE03 /* MainTabBarViewModel.swift */,
				DD81D2C12269B22B004FCCEE /* Chat */,
				DD19A93F225540C200CC14BB /* Contacts */,
				DD19A93D225540B200CC14BB /* Messages */,
				DD19A93E225540BB00CC14BB /* Settings */,
			);
			name = Main;
			sourceTree = "<group>";
		};
		DDCB79F5223D7A4E00F22817 /* Extensions */ = {
			isa = PBXGroup;
			children = (
				DDCB79F6223D7A6400F22817 /* UIButton+layer.swift */,
				DDCCC2AE2277C56E00EC44EF /* Kingfisher+rx.swift */,
				DDBC02122240F0E00046C70E /* String+isValidEmail.swift */,
			);
			path = Extensions;
			sourceTree = "<group>";
		};
		DDE7E3C122745C7400F6FCE7 /* Start */ = {
			isa = PBXGroup;
			children = (
				DDE7E3C422745C8D00F6FCE7 /* StartViewModel.swift */,
				DDE7E3C222745C8200F6FCE7 /* StartViewController.swift */,
				DDE7E3C622745C9700F6FCE7 /* StartCoordinator.swift */,
			);
			path = Start;
			sourceTree = "<group>";
		};
/* End PBXGroup section */

/* Begin PBXNativeTarget section */
		DD03B69C223AA0E100476C0C /* Chat */ = {
			isa = PBXNativeTarget;
			buildConfigurationList = DD03B6AF223AA0E200476C0C /* Build configuration list for PBXNativeTarget "Chat" */;
			buildPhases = (
				7FCAF236BA59F640A9DB002B /* [CP] Check Pods Manifest.lock */,
				DDCA01D822401C9F00676A59 /* ShellScript */,
				DD03B699223AA0E100476C0C /* Sources */,
				DD03B69A223AA0E100476C0C /* Frameworks */,
				DD03B69B223AA0E100476C0C /* Resources */,
				A364AB546AF0792347F0EDC6 /* [CP] Embed Pods Frameworks */,
			);
			buildRules = (
			);
			dependencies = (
			);
			name = Chat;
			productName = Chat;
			productReference = DD03B69D223AA0E100476C0C /* Chat.app */;
			productType = "com.apple.product-type.application";
		};
/* End PBXNativeTarget section */

/* Begin PBXProject section */
		DD03B695223AA0E100476C0C /* Project object */ = {
			isa = PBXProject;
			attributes = {
				LastSwiftUpdateCheck = 1010;
				LastUpgradeCheck = 1010;
				ORGANIZATIONNAME = "Vadim Koronchik";
				TargetAttributes = {
					DD03B69C223AA0E100476C0C = {
						CreatedOnToolsVersion = 10.1;
						SystemCapabilities = {
							com.apple.BackgroundModes = {
								enabled = 1;
							};
							com.apple.DataProtection = {
								enabled = 0;
							};
						};
					};
				};
			};
			buildConfigurationList = DD03B698223AA0E100476C0C /* Build configuration list for PBXProject "Chat" */;
			compatibilityVersion = "Xcode 9.3";
			developmentRegion = en;
			hasScannedForEncodings = 0;
			knownRegions = (
				en,
				Base,
			);
			mainGroup = DD03B694223AA0E100476C0C;
			productRefGroup = DD03B69E223AA0E100476C0C /* Products */;
			projectDirPath = "";
			projectRoot = "";
			targets = (
				DD03B69C223AA0E100476C0C /* Chat */,
			);
		};
/* End PBXProject section */

/* Begin PBXResourcesBuildPhase section */
		DD03B69B223AA0E100476C0C /* Resources */ = {
			isa = PBXResourcesBuildPhase;
			buildActionMask = 2147483647;
			files = (
				DD5D57CE2280473300A702B1 /* Assets.xcassets in Resources */,
				DD03B6AB223AA0E200476C0C /* LaunchScreen.storyboard in Resources */,
				DD064E11224FB0B400992AD4 /* Main.storyboard in Resources */,
				DD5D57E922805FDC00A702B1 /* countries in Resources */,
				DD03B6B3223AAFE100476C0C /* GoogleService-Info.plist in Resources */,
				DD95151A223BBA3200ED4D0F /* Auth.storyboard in Resources */,
			);
			runOnlyForDeploymentPostprocessing = 0;
		};
/* End PBXResourcesBuildPhase section */

/* Begin PBXShellScriptBuildPhase section */
		7FCAF236BA59F640A9DB002B /* [CP] Check Pods Manifest.lock */ = {
			isa = PBXShellScriptBuildPhase;
			buildActionMask = 2147483647;
			files = (
			);
			inputFileListPaths = (
			);
			inputPaths = (
				"${PODS_PODFILE_DIR_PATH}/Podfile.lock",
				"${PODS_ROOT}/Manifest.lock",
			);
			name = "[CP] Check Pods Manifest.lock";
			outputFileListPaths = (
			);
			outputPaths = (
				"$(DERIVED_FILE_DIR)/Pods-Chat-checkManifestLockResult.txt",
			);
			runOnlyForDeploymentPostprocessing = 0;
			shellPath = /bin/sh;
			shellScript = "diff \"${PODS_PODFILE_DIR_PATH}/Podfile.lock\" \"${PODS_ROOT}/Manifest.lock\" > /dev/null\nif [ $? != 0 ] ; then\n    # print error to STDERR\n    echo \"error: The sandbox is not in sync with the Podfile.lock. Run 'pod install' or update your CocoaPods installation.\" >&2\n    exit 1\nfi\n# This output is used by Xcode 'outputs' to avoid re-running this script phase.\necho \"SUCCESS\" > \"${SCRIPT_OUTPUT_FILE_0}\"\n";
			showEnvVarsInLog = 0;
		};
		A364AB546AF0792347F0EDC6 /* [CP] Embed Pods Frameworks */ = {
			isa = PBXShellScriptBuildPhase;
			buildActionMask = 2147483647;
			files = (
			);
			inputFileListPaths = (
			);
			inputPaths = (
				"${PODS_ROOT}/Target Support Files/Pods-Chat/Pods-Chat-frameworks.sh",
				"${BUILT_PRODUCTS_DIR}/Differentiator/Differentiator.framework",
				"${BUILT_PRODUCTS_DIR}/GTMSessionFetcher/GTMSessionFetcher.framework",
				"${BUILT_PRODUCTS_DIR}/GoogleUtilities/GoogleUtilities.framework",
				"${BUILT_PRODUCTS_DIR}/Kingfisher/Kingfisher.framework",
				"${BUILT_PRODUCTS_DIR}/MessageInputBar/MessageInputBar.framework",
				"${BUILT_PRODUCTS_DIR}/MessageKit/MessageKit.framework",
				"${BUILT_PRODUCTS_DIR}/NVActivityIndicatorView/NVActivityIndicatorView.framework",
				"${BUILT_PRODUCTS_DIR}/PhoneNumberKit/PhoneNumberKit.framework",
				"${BUILT_PRODUCTS_DIR}/R.swift.Library/Rswift.framework",
				"${BUILT_PRODUCTS_DIR}/RxAtomic/RxAtomic.framework",
				"${BUILT_PRODUCTS_DIR}/RxCocoa/RxCocoa.framework",
				"${BUILT_PRODUCTS_DIR}/RxDataSources/RxDataSources.framework",
				"${BUILT_PRODUCTS_DIR}/RxSwift/RxSwift.framework",
				"${BUILT_PRODUCTS_DIR}/SnapKit/SnapKit.framework",
				"${BUILT_PRODUCTS_DIR}/leveldb-library/leveldb.framework",
				"${BUILT_PRODUCTS_DIR}/nanopb/nanopb.framework",
			);
			name = "[CP] Embed Pods Frameworks";
			outputFileListPaths = (
			);
			outputPaths = (
				"${TARGET_BUILD_DIR}/${FRAMEWORKS_FOLDER_PATH}/Differentiator.framework",
				"${TARGET_BUILD_DIR}/${FRAMEWORKS_FOLDER_PATH}/GTMSessionFetcher.framework",
				"${TARGET_BUILD_DIR}/${FRAMEWORKS_FOLDER_PATH}/GoogleUtilities.framework",
				"${TARGET_BUILD_DIR}/${FRAMEWORKS_FOLDER_PATH}/Kingfisher.framework",
				"${TARGET_BUILD_DIR}/${FRAMEWORKS_FOLDER_PATH}/MessageInputBar.framework",
				"${TARGET_BUILD_DIR}/${FRAMEWORKS_FOLDER_PATH}/MessageKit.framework",
				"${TARGET_BUILD_DIR}/${FRAMEWORKS_FOLDER_PATH}/NVActivityIndicatorView.framework",
				"${TARGET_BUILD_DIR}/${FRAMEWORKS_FOLDER_PATH}/PhoneNumberKit.framework",
				"${TARGET_BUILD_DIR}/${FRAMEWORKS_FOLDER_PATH}/Rswift.framework",
				"${TARGET_BUILD_DIR}/${FRAMEWORKS_FOLDER_PATH}/RxAtomic.framework",
				"${TARGET_BUILD_DIR}/${FRAMEWORKS_FOLDER_PATH}/RxCocoa.framework",
				"${TARGET_BUILD_DIR}/${FRAMEWORKS_FOLDER_PATH}/RxDataSources.framework",
				"${TARGET_BUILD_DIR}/${FRAMEWORKS_FOLDER_PATH}/RxSwift.framework",
				"${TARGET_BUILD_DIR}/${FRAMEWORKS_FOLDER_PATH}/SnapKit.framework",
				"${TARGET_BUILD_DIR}/${FRAMEWORKS_FOLDER_PATH}/leveldb.framework",
				"${TARGET_BUILD_DIR}/${FRAMEWORKS_FOLDER_PATH}/nanopb.framework",
			);
			runOnlyForDeploymentPostprocessing = 0;
			shellPath = /bin/sh;
			shellScript = "\"${PODS_ROOT}/Target Support Files/Pods-Chat/Pods-Chat-frameworks.sh\"\n";
			showEnvVarsInLog = 0;
		};
		DDCA01D822401C9F00676A59 /* ShellScript */ = {
			isa = PBXShellScriptBuildPhase;
			buildActionMask = 2147483647;
			files = (
			);
			inputFileListPaths = (
				"",
			);
			inputPaths = (
				"$TEMP_DIR/rswift-lastrun",
			);
			outputFileListPaths = (
			);
			outputPaths = (
				$SRCROOT/R.generated.swift,
			);
			runOnlyForDeploymentPostprocessing = 0;
			shellPath = /bin/sh;
			shellScript = "# Type a script or drag a script file from your workspace to insert its path.\n\n\"$PODS_ROOT/R.swift/rswift\" generate \"$SRCROOT/R.generated.swift\"\n";
		};
/* End PBXShellScriptBuildPhase section */

/* Begin PBXSourcesBuildPhase section */
		DD03B699223AA0E100476C0C /* Sources */ = {
			isa = PBXSourcesBuildPhase;
			buildActionMask = 2147483647;
			files = (
				DD19A94D2255533400CC14BB /* MessagesCoordinator.swift in Sources */,
				DD19A949225552E200CC14BB /* MessagesViewModel.swift in Sources */,
				DD9AC7F92273AE86001FF7D1 /* FIRAuth.swift in Sources */,
				DD2BC0E62279F40D000F640A /* ChatTitleViewModel.swift in Sources */,
				DDF7CD0B227D624300D721AE /* CountryCellViewModel.swift in Sources */,
				DD4AC1F7227CC6E10084BBC9 /* CountriesViewController.swift in Sources */,
				DDF7CD0D227D628E00D721AE /* Country.swift in Sources */,
				DDB86135224B6120007082F6 /* Toast.swift in Sources */,
				DDCB79F7223D7A6400F22817 /* UIButton+layer.swift in Sources */,
				DD1EADAA228CB50B00B56438 /* ProfileHeaderView.swift in Sources */,
				DDFA6A9A22881C6700735795 /* ContactCellViewModel.swift in Sources */,
				DDCA01D522400EEF00676A59 /* Coordinator.swift in Sources */,
				DDBC0219224131C30046C70E /* ViewModelProtocol.swift in Sources */,
				DDC7DCF522477B8D007F905B /* HomeCoordinator.swift in Sources */,
				DDE6B47A2275ECAC0024D993 /* ChatCell.swift in Sources */,
				DD6CCED8228DD8F400CBE88B /* AuthService.swift in Sources */,
				DD8D05FE227B70050022AC30 /* PhoneInputViewController.swift in Sources */,
				DD76F5A0225A33DE007C9A30 /* SystemColor.swift in Sources */,
				DDC7DCF322477B82007F905B /* HomeViewModel.swift in Sources */,
				DDE7E3C522745C8D00F6FCE7 /* StartViewModel.swift in Sources */,
				DDBC02112240EAE20046C70E /* UserInfo.swift in Sources */,
				DD8D05FA227B6FBF0022AC30 /* PhoneVerificationCoordinator.swift in Sources */,
				DD03B6A1223AA0E100476C0C /* AppDelegate.swift in Sources */,
				DDE6B47C227625B50024D993 /* ChatCellViewModel.swift in Sources */,
				DDE6B4782275B7BA0024D993 /* Chat.swift in Sources */,
				DD8D05FC227B6FE90022AC30 /* PhoneInputCoordinator.swift in Sources */,
				DDC7DCF022477974007F905B /* HomeViewController.swift in Sources */,
				DD4AC1F3227CC6020084BBC9 /* CountriesViewModel.swift in Sources */,
				DDFF9CA6226A55B100CB54E6 /* Message.swift in Sources */,
				DD19A94F2255534A00CC14BB /* SettingsCoordinator.swift in Sources */,
				DD1EADAC228CB5AF00B56438 /* ProfileHeaderViewModel.swift in Sources */,
				DD19A947225552CE00CC14BB /* SettingsViewModel.swift in Sources */,
				DD6F5BCC226B289300FFCB71 /* Constants.swift in Sources */,
				DD4AC1F5227CC6CF0084BBC9 /* CountriesCoordinator.swift in Sources */,
				DD19A94B2255530E00CC14BB /* ContactsCoordinator.swift in Sources */,
				DDFA6A9822881C5500735795 /* ContactCell.swift in Sources */,
				DD3ACAFA226C616C001E9E13 /* ChatTitleView.swift in Sources */,
				DD76F59E225A197C007C9A30 /* PopUpView.swift in Sources */,
				DDE7E3C722745C9700F6FCE7 /* StartCoordinator.swift in Sources */,
				DD038AEB2287747C0060A5B5 /* ContactResultsViewModel.swift in Sources */,
				DD8D05F8227B6FAA0022AC30 /* PhoneVerificationViewController.swift in Sources */,
				DD81D2C72269B272004FCCEE /* ChatCoordinator.swift in Sources */,
				DDCCC2AF2277C56E00EC44EF /* Kingfisher+rx.swift in Sources */,
				DDF7CD09227D615200D721AE /* CountryCell.swift in Sources */,
				DDCA01D722400EFA00676A59 /* AppCoordinator.swift in Sources */,
				DD3AFBA0228B5DCB005EAE03 /* MainTabBarViewModel.swift in Sources */,
				DD064E0B224FAEA100992AD4 /* R.generated.swift in Sources */,
				DD064E0F224FAFF500992AD4 /* MainTabBarController.swift in Sources */,
				DD19A945225552BD00CC14BB /* ContactsViewModel.swift in Sources */,
				DD8D05F4227B6F3F0022AC30 /* PhoneInputViewModel.swift in Sources */,
				DD19A93C225540AE00CC14BB /* MessagesTableViewController.swift in Sources */,
				DD338F272265C6F700DDE6DE /* FIRDatabaseManager.swift in Sources */,
				DD038AE9228774450060A5B5 /* ContactResultsTableController.swift in Sources */,
				DD19A941225547DD00CC14BB /* SettingsViewController.swift in Sources */,
				DD064E0D224FAF4600992AD4 /* MainTabBarCoordinator.swift in Sources */,
				DDBC021B2241320D0046C70E /* ControllerType.swift in Sources */,
				DD173B75227F7197004A56EF /* CountrySection.swift in Sources */,
				DD81D2C32269B25D004FCCEE /* ChatViewController.swift in Sources */,
				DDE7E3C322745C8200F6FCE7 /* StartViewController.swift in Sources */,
				DDBC02132240F0E00046C70E /* String+isValidEmail.swift in Sources */,
				DD8D05F6227B6F8C0022AC30 /* PhoneVerificationViewModel.swift in Sources */,
				DD9DBA0C2284CD9700DF2F05 /* Contact.swift in Sources */,
				DD19A943225547F600CC14BB /* ContactsTableViewController.swift in Sources */,
				DD81D2C52269B267004FCCEE /* ChatViewModel.swift in Sources */,
			);
			runOnlyForDeploymentPostprocessing = 0;
		};
/* End PBXSourcesBuildPhase section */

/* Begin PBXVariantGroup section */
		DD03B6A9223AA0E200476C0C /* LaunchScreen.storyboard */ = {
			isa = PBXVariantGroup;
			children = (
				DD03B6AA223AA0E200476C0C /* Base */,
			);
			name = LaunchScreen.storyboard;
			sourceTree = "<group>";
		};
/* End PBXVariantGroup section */

/* Begin XCBuildConfiguration section */
		DD03B6AD223AA0E200476C0C /* Debug */ = {
			isa = XCBuildConfiguration;
			buildSettings = {
				ALWAYS_SEARCH_USER_PATHS = NO;
				CLANG_ANALYZER_NONNULL = YES;
				CLANG_ANALYZER_NUMBER_OBJECT_CONVERSION = YES_AGGRESSIVE;
				CLANG_CXX_LANGUAGE_STANDARD = "gnu++14";
				CLANG_CXX_LIBRARY = "libc++";
				CLANG_ENABLE_MODULES = YES;
				CLANG_ENABLE_OBJC_ARC = YES;
				CLANG_ENABLE_OBJC_WEAK = YES;
				CLANG_WARN_BLOCK_CAPTURE_AUTORELEASING = YES;
				CLANG_WARN_BOOL_CONVERSION = YES;
				CLANG_WARN_COMMA = YES;
				CLANG_WARN_CONSTANT_CONVERSION = YES;
				CLANG_WARN_DEPRECATED_OBJC_IMPLEMENTATIONS = YES;
				CLANG_WARN_DIRECT_OBJC_ISA_USAGE = YES_ERROR;
				CLANG_WARN_DOCUMENTATION_COMMENTS = YES;
				CLANG_WARN_EMPTY_BODY = YES;
				CLANG_WARN_ENUM_CONVERSION = YES;
				CLANG_WARN_INFINITE_RECURSION = YES;
				CLANG_WARN_INT_CONVERSION = YES;
				CLANG_WARN_NON_LITERAL_NULL_CONVERSION = YES;
				CLANG_WARN_OBJC_IMPLICIT_RETAIN_SELF = YES;
				CLANG_WARN_OBJC_LITERAL_CONVERSION = YES;
				CLANG_WARN_OBJC_ROOT_CLASS = YES_ERROR;
				CLANG_WARN_RANGE_LOOP_ANALYSIS = YES;
				CLANG_WARN_STRICT_PROTOTYPES = YES;
				CLANG_WARN_SUSPICIOUS_MOVE = YES;
				CLANG_WARN_UNGUARDED_AVAILABILITY = YES_AGGRESSIVE;
				CLANG_WARN_UNREACHABLE_CODE = YES;
				CLANG_WARN__DUPLICATE_METHOD_MATCH = YES;
				CODE_SIGN_IDENTITY = "iPhone Developer";
				COPY_PHASE_STRIP = NO;
				DEBUG_INFORMATION_FORMAT = dwarf;
				ENABLE_STRICT_OBJC_MSGSEND = YES;
				ENABLE_TESTABILITY = YES;
				GCC_C_LANGUAGE_STANDARD = gnu11;
				GCC_DYNAMIC_NO_PIC = NO;
				GCC_NO_COMMON_BLOCKS = YES;
				GCC_OPTIMIZATION_LEVEL = 0;
				GCC_PREPROCESSOR_DEFINITIONS = (
					"DEBUG=1",
					"$(inherited)",
				);
				GCC_WARN_64_TO_32_BIT_CONVERSION = YES;
				GCC_WARN_ABOUT_RETURN_TYPE = YES_ERROR;
				GCC_WARN_UNDECLARED_SELECTOR = YES;
				GCC_WARN_UNINITIALIZED_AUTOS = YES_AGGRESSIVE;
				GCC_WARN_UNUSED_FUNCTION = YES;
				GCC_WARN_UNUSED_VARIABLE = YES;
				IPHONEOS_DEPLOYMENT_TARGET = 12.1;
				MTL_ENABLE_DEBUG_INFO = INCLUDE_SOURCE;
				MTL_FAST_MATH = YES;
				ONLY_ACTIVE_ARCH = YES;
				SDKROOT = iphoneos;
				SWIFT_ACTIVE_COMPILATION_CONDITIONS = DEBUG;
				SWIFT_OPTIMIZATION_LEVEL = "-Onone";
			};
			name = Debug;
		};
		DD03B6AE223AA0E200476C0C /* Release */ = {
			isa = XCBuildConfiguration;
			buildSettings = {
				ALWAYS_SEARCH_USER_PATHS = NO;
				CLANG_ANALYZER_NONNULL = YES;
				CLANG_ANALYZER_NUMBER_OBJECT_CONVERSION = YES_AGGRESSIVE;
				CLANG_CXX_LANGUAGE_STANDARD = "gnu++14";
				CLANG_CXX_LIBRARY = "libc++";
				CLANG_ENABLE_MODULES = YES;
				CLANG_ENABLE_OBJC_ARC = YES;
				CLANG_ENABLE_OBJC_WEAK = YES;
				CLANG_WARN_BLOCK_CAPTURE_AUTORELEASING = YES;
				CLANG_WARN_BOOL_CONVERSION = YES;
				CLANG_WARN_COMMA = YES;
				CLANG_WARN_CONSTANT_CONVERSION = YES;
				CLANG_WARN_DEPRECATED_OBJC_IMPLEMENTATIONS = YES;
				CLANG_WARN_DIRECT_OBJC_ISA_USAGE = YES_ERROR;
				CLANG_WARN_DOCUMENTATION_COMMENTS = YES;
				CLANG_WARN_EMPTY_BODY = YES;
				CLANG_WARN_ENUM_CONVERSION = YES;
				CLANG_WARN_INFINITE_RECURSION = YES;
				CLANG_WARN_INT_CONVERSION = YES;
				CLANG_WARN_NON_LITERAL_NULL_CONVERSION = YES;
				CLANG_WARN_OBJC_IMPLICIT_RETAIN_SELF = YES;
				CLANG_WARN_OBJC_LITERAL_CONVERSION = YES;
				CLANG_WARN_OBJC_ROOT_CLASS = YES_ERROR;
				CLANG_WARN_RANGE_LOOP_ANALYSIS = YES;
				CLANG_WARN_STRICT_PROTOTYPES = YES;
				CLANG_WARN_SUSPICIOUS_MOVE = YES;
				CLANG_WARN_UNGUARDED_AVAILABILITY = YES_AGGRESSIVE;
				CLANG_WARN_UNREACHABLE_CODE = YES;
				CLANG_WARN__DUPLICATE_METHOD_MATCH = YES;
				CODE_SIGN_IDENTITY = "iPhone Developer";
				COPY_PHASE_STRIP = NO;
				DEBUG_INFORMATION_FORMAT = "dwarf-with-dsym";
				ENABLE_NS_ASSERTIONS = NO;
				ENABLE_STRICT_OBJC_MSGSEND = YES;
				GCC_C_LANGUAGE_STANDARD = gnu11;
				GCC_NO_COMMON_BLOCKS = YES;
				GCC_WARN_64_TO_32_BIT_CONVERSION = YES;
				GCC_WARN_ABOUT_RETURN_TYPE = YES_ERROR;
				GCC_WARN_UNDECLARED_SELECTOR = YES;
				GCC_WARN_UNINITIALIZED_AUTOS = YES_AGGRESSIVE;
				GCC_WARN_UNUSED_FUNCTION = YES;
				GCC_WARN_UNUSED_VARIABLE = YES;
				IPHONEOS_DEPLOYMENT_TARGET = 12.1;
				MTL_ENABLE_DEBUG_INFO = NO;
				MTL_FAST_MATH = YES;
				SDKROOT = iphoneos;
				SWIFT_COMPILATION_MODE = wholemodule;
				SWIFT_OPTIMIZATION_LEVEL = "-O";
				VALIDATE_PRODUCT = YES;
			};
			name = Release;
		};
		DD03B6B0223AA0E200476C0C /* Debug */ = {
			isa = XCBuildConfiguration;
			baseConfigurationReference = D8BFD867A406A73780045E52 /* Pods-Chat.debug.xcconfig */;
			buildSettings = {
				ASSETCATALOG_COMPILER_APPICON_NAME = AppIcon;
				CODE_SIGN_STYLE = Automatic;
				DEVELOPMENT_TEAM = B6KRZX2358;
				INFOPLIST_FILE = Chat/Info.plist;
				IPHONEOS_DEPLOYMENT_TARGET = 11.0;
				LD_RUNPATH_SEARCH_PATHS = (
					"$(inherited)",
					"@executable_path/Frameworks",
				);
				PRODUCT_BUNDLE_IDENTIFIER = com.koronchik.Chat;
				PRODUCT_NAME = "$(TARGET_NAME)";
				SWIFT_VERSION = 4.2;
				TARGETED_DEVICE_FAMILY = "1,2";
			};
			name = Debug;
		};
		DD03B6B1223AA0E200476C0C /* Release */ = {
			isa = XCBuildConfiguration;
			baseConfigurationReference = E88350B0D5E1586307BC5C40 /* Pods-Chat.release.xcconfig */;
			buildSettings = {
				ASSETCATALOG_COMPILER_APPICON_NAME = AppIcon;
				CODE_SIGN_STYLE = Automatic;
				DEVELOPMENT_TEAM = B6KRZX2358;
				INFOPLIST_FILE = Chat/Info.plist;
				IPHONEOS_DEPLOYMENT_TARGET = 11.0;
				LD_RUNPATH_SEARCH_PATHS = (
					"$(inherited)",
					"@executable_path/Frameworks",
				);
				PRODUCT_BUNDLE_IDENTIFIER = com.koronchik.Chat;
				PRODUCT_NAME = "$(TARGET_NAME)";
				SWIFT_VERSION = 4.2;
				TARGETED_DEVICE_FAMILY = "1,2";
			};
			name = Release;
		};
/* End XCBuildConfiguration section */

/* Begin XCConfigurationList section */
		DD03B698223AA0E100476C0C /* Build configuration list for PBXProject "Chat" */ = {
			isa = XCConfigurationList;
			buildConfigurations = (
				DD03B6AD223AA0E200476C0C /* Debug */,
				DD03B6AE223AA0E200476C0C /* Release */,
			);
			defaultConfigurationIsVisible = 0;
			defaultConfigurationName = Release;
		};
		DD03B6AF223AA0E200476C0C /* Build configuration list for PBXNativeTarget "Chat" */ = {
			isa = XCConfigurationList;
			buildConfigurations = (
				DD03B6B0223AA0E200476C0C /* Debug */,
				DD03B6B1223AA0E200476C0C /* Release */,
			);
			defaultConfigurationIsVisible = 0;
			defaultConfigurationName = Release;
		};
/* End XCConfigurationList section */
	};
	rootObject = DD03B695223AA0E100476C0C /* Project object */;
}
